
Microsoft Visual Studio Solution File, Format Version 12.00
# Visual Studio Version 17
VisualStudioVersion = 17.6.33815.320
MinimumVisualStudioVersion = 10.0.40219.1
Project("{FAE04EC0-301F-11D3-BF4B-00C04F79EFBC}") = "unsafeEx", "unsafeEx\unsafeEx.csproj", "{9E29AB6C-7332-441D-8A3E-D592FB7D6BB4}"
EndProject
Global
	GlobalSection(SolutionConfigurationPlatforms) = preSolution
		Debug|Any CPU = Debug|Any CPU
		Release|Any CPU = Release|Any CPU
	EndGlobalSection
	GlobalSection(ProjectConfigurationPlatforms) = postSolution
		{9E29AB6C-7332-441D-8A3E-D592FB7D6BB4}.Debug|Any CPU.ActiveCfg = Debug|Any CPU
		{9E29AB6C-7332-441D-8A3E-D592FB7D6BB4}.Debug|Any CPU.Build.0 = Debug|Any CPU
		{9E29AB6C-7332-441D-8A3E-D592FB7D6BB4}.Release|Any CPU.ActiveCfg = Release|Any CPU
		{9E29AB6C-7332-441D-8A3E-D592FB7D6BB4}.Release|Any CPU.Build.0 = Release|Any CPU
	EndGlobalSection
	GlobalSection(SolutionProperties) = preSolution
		HideSolutionNode = FALSE
	EndGlobalSection
	GlobalSection(ExtensibilityGlobals) = postSolution
		SolutionGuid = {C7CC65D2-5B75-41F1-95CB-FD6ECABA0DC3}
	EndGlobalSection
EndGlobal
